
Microsoft Visual Studio Solution File, Format Version 12.00
# Visual Studio Version 17
VisualStudioVersion = 17.8.34316.72
MinimumVisualStudioVersion = 10.0.40219.1
Project("{FAE04EC0-301F-11D3-BF4B-00C04F79EFBC}") = "ArrayFuncties-2---Snelheidsordening", "ArrayFuncties-2---Snelheidsordening\ArrayFuncties-2---Snelheidsordening.csproj", "{84F13A7C-415C-4169-B811-65D0F040E360}"
EndProject
Global
	GlobalSection(SolutionConfigurationPlatforms) = preSolution
		Debug|Any CPU = Debug|Any CPU
		Release|Any CPU = Release|Any CPU
	EndGlobalSection
	GlobalSection(ProjectConfigurationPlatforms) = postSolution
		{84F13A7C-415C-4169-B811-65D0F040E360}.Debug|Any CPU.ActiveCfg = Debug|Any CPU
		{84F13A7C-415C-4169-B811-65D0F040E360}.Debug|Any CPU.Build.0 = Debug|Any CPU
		{84F13A7C-415C-4169-B811-65D0F040E360}.Release|Any CPU.ActiveCfg = Release|Any CPU
		{84F13A7C-415C-4169-B811-65D0F040E360}.Release|Any CPU.Build.0 = Release|Any CPU
	EndGlobalSection
	GlobalSection(SolutionProperties) = preSolution
		HideSolutionNode = FALSE
	EndGlobalSection
	GlobalSection(ExtensibilityGlobals) = postSolution
		SolutionGuid = {BAE4475D-CF3A-4CB5-88B7-969865E211A7}
	EndGlobalSection
EndGlobal
